
Microsoft Visual Studio Solution File, Format Version 12.00
# Visual Studio Version 17
VisualStudioVersion = 17.6.33815.320
MinimumVisualStudioVersion = 10.0.40219.1
Project("{2150E333-8FDC-42A3-9474-1A3956D46DE8}") = "Libs", "Libs", "{51568A32-3286-4917-9A94-02045C8BAEB5}"
EndProject
Project("{9A19103F-16F7-4668-BE54-9A1E7A4F7556}") = "PowLINQPad", "Libs\PowLINQPad\PowLINQPad.csproj", "{11E5A77F-2ADE-4870-8257-8ED0BE92BAD5}"
EndProject
Project("{2150E333-8FDC-42A3-9474-1A3956D46DE8}") = "Solution Items", "Solution Items", "{AF8B2973-7B2E-4CA8-B460-F00F7DA3B84A}"
	ProjectSection(SolutionItems) = preProject
		.gitignore = .gitignore
		Directory.Build.props = Directory.Build.props
		License.txt = License.txt
		README.md = README.md
	EndProjectSection
EndProject
Global
	GlobalSection(SolutionConfigurationPlatforms) = preSolution
		Debug|Any CPU = Debug|Any CPU
		Release|Any CPU = Release|Any CPU
	EndGlobalSection
	GlobalSection(ProjectConfigurationPlatforms) = postSolution
		{11E5A77F-2ADE-4870-8257-8ED0BE92BAD5}.Debug|Any CPU.ActiveCfg = Debug|Any CPU
		{11E5A77F-2ADE-4870-8257-8ED0BE92BAD5}.Debug|Any CPU.Build.0 = Debug|Any CPU
		{11E5A77F-2ADE-4870-8257-8ED0BE92BAD5}.Release|Any CPU.ActiveCfg = Release|Any CPU
		{11E5A77F-2ADE-4870-8257-8ED0BE92BAD5}.Release|Any CPU.Build.0 = Release|Any CPU
	EndGlobalSection
	GlobalSection(SolutionProperties) = preSolution
		HideSolutionNode = FALSE
	EndGlobalSection
	GlobalSection(NestedProjects) = preSolution
		{11E5A77F-2ADE-4870-8257-8ED0BE92BAD5} = {51568A32-3286-4917-9A94-02045C8BAEB5}
	EndGlobalSection
	GlobalSection(ExtensibilityGlobals) = postSolution
		SolutionGuid = {03FA8800-A7EF-4CA9-8CBF-A8A777CFC8D0}
	EndGlobalSection
EndGlobal
